
Microsoft Visual Studio Solution File, Format Version 12.00
# Visual Studio Version 17
VisualStudioVersion = 17.0.31912.275
MinimumVisualStudioVersion = 10.0.40219.1
Project("{FAE04EC0-301F-11D3-BF4B-00C04F79EFBC}") = "TomskNIPIneft", "WindowsForms\TomskNIPIneft.csproj", "{6127F725-1422-4913-9AE6-F939C37779B2}"
EndProject
Global
	GlobalSection(SolutionConfigurationPlatforms) = preSolution
		Debug|Any CPU = Debug|Any CPU
		Release|Any CPU = Release|Any CPU
	EndGlobalSection
	GlobalSection(ProjectConfigurationPlatforms) = postSolution
		{6127F725-1422-4913-9AE6-F939C37779B2}.Debug|Any CPU.ActiveCfg = Debug|Any CPU
		{6127F725-1422-4913-9AE6-F939C37779B2}.Debug|Any CPU.Build.0 = Debug|Any CPU
		{6127F725-1422-4913-9AE6-F939C37779B2}.Release|Any CPU.ActiveCfg = Release|Any CPU
		{6127F725-1422-4913-9AE6-F939C37779B2}.Release|Any CPU.Build.0 = Release|Any CPU
	EndGlobalSection
	GlobalSection(SolutionProperties) = preSolution
		HideSolutionNode = FALSE
	EndGlobalSection
	GlobalSection(ExtensibilityGlobals) = postSolution
		SolutionGuid = {2D31E1DA-1BB7-4F55-99BD-771CB035EF55}
	EndGlobalSection
EndGlobal
